
Microsoft Visual Studio Solution File, Format Version 12.00
# Visual Studio Version 16
VisualStudioVersion = 16.0.29911.84
MinimumVisualStudioVersion = 10.0.40219.1
Project("{FAE04EC0-301F-11D3-BF4B-00C04F79EFBC}") = "tc_tester", "tc_tester\tc_tester.csproj", "{BC0F5995-A73E-4A45-9177-857AC538E24E}"
EndProject
Global
	GlobalSection(SolutionConfigurationPlatforms) = preSolution
		Debug|Any CPU = Debug|Any CPU
		Release|Any CPU = Release|Any CPU
	EndGlobalSection
	GlobalSection(ProjectConfigurationPlatforms) = postSolution
		{BC0F5995-A73E-4A45-9177-857AC538E24E}.Debug|Any CPU.ActiveCfg = Debug|Any CPU
		{BC0F5995-A73E-4A45-9177-857AC538E24E}.Debug|Any CPU.Build.0 = Debug|Any CPU
		{BC0F5995-A73E-4A45-9177-857AC538E24E}.Release|Any CPU.ActiveCfg = Release|Any CPU
		{BC0F5995-A73E-4A45-9177-857AC538E24E}.Release|Any CPU.Build.0 = Release|Any CPU
	EndGlobalSection
	GlobalSection(SolutionProperties) = preSolution
		HideSolutionNode = FALSE
	EndGlobalSection
	GlobalSection(ExtensibilityGlobals) = postSolution
		SolutionGuid = {FBC1884A-E934-4BB7-A8C3-C79C9A76888C}
	EndGlobalSection
EndGlobal
